
Microsoft Visual Studio Solution File, Format Version 12.00
# Visual Studio 2013
VisualStudioVersion = 12.0.30723.0
MinimumVisualStudioVersion = 10.0.40219.1
Project("{FAE04EC0-301F-11D3-BF4B-00C04F79EFBC}") = "Lisa.ProxyTest.Api", "Lisa.ProxyTest.Api\Lisa.ProxyTest.Api.csproj", "{94B268F1-5B7F-4C52-AFC4-11D07BC577D0}"
EndProject
Project("{FAE04EC0-301F-11D3-BF4B-00C04F79EFBC}") = "Lisa.ProxyTest.Console", "Lisa.ProxyTest.Console\Lisa.ProxyTest.Console.csproj", "{B0A28D85-8DBF-4D91-8326-A75D012A04EA}"
EndProject
Project("{D954291E-2A0B-460D-934E-DC6B0785DB48}") = "Lisa.ProxyTest.TransferModels", "Lisa.ProxyTest.TransferModels\Lisa.ProxyTest.TransferModels.shproj", "{D53CC80B-66A4-4DF0-9C85-AFA395A1E393}"
EndProject
Global
	GlobalSection(SharedMSBuildProjectFiles) = preSolution
		Lisa.ProxyTest.TransferModels\Lisa.ProxyTest.TransferModels.projitems*{94b268f1-5b7f-4c52-afc4-11d07bc577d0}*SharedItemsImports = 4
		Lisa.ProxyTest.TransferModels\Lisa.ProxyTest.TransferModels.projitems*{d53cc80b-66a4-4df0-9c85-afa395a1e393}*SharedItemsImports = 13
	EndGlobalSection
	GlobalSection(SolutionConfigurationPlatforms) = preSolution
		Debug|Any CPU = Debug|Any CPU
		Release|Any CPU = Release|Any CPU
	EndGlobalSection
	GlobalSection(ProjectConfigurationPlatforms) = postSolution
		{94B268F1-5B7F-4C52-AFC4-11D07BC577D0}.Debug|Any CPU.ActiveCfg = Debug|Any CPU
		{94B268F1-5B7F-4C52-AFC4-11D07BC577D0}.Debug|Any CPU.Build.0 = Debug|Any CPU
		{94B268F1-5B7F-4C52-AFC4-11D07BC577D0}.Release|Any CPU.ActiveCfg = Release|Any CPU
		{94B268F1-5B7F-4C52-AFC4-11D07BC577D0}.Release|Any CPU.Build.0 = Release|Any CPU
		{B0A28D85-8DBF-4D91-8326-A75D012A04EA}.Debug|Any CPU.ActiveCfg = Debug|Any CPU
		{B0A28D85-8DBF-4D91-8326-A75D012A04EA}.Debug|Any CPU.Build.0 = Debug|Any CPU
		{B0A28D85-8DBF-4D91-8326-A75D012A04EA}.Release|Any CPU.ActiveCfg = Release|Any CPU
		{B0A28D85-8DBF-4D91-8326-A75D012A04EA}.Release|Any CPU.Build.0 = Release|Any CPU
	EndGlobalSection
	GlobalSection(SolutionProperties) = preSolution
		HideSolutionNode = FALSE
	EndGlobalSection
EndGlobal
